
Microsoft Visual Studio Solution File, Format Version 12.00
# Visual Studio Version 17
VisualStudioVersion = 17.6.33712.159
MinimumVisualStudioVersion = 10.0.40219.1
Project("{F184B08F-C81C-45F6-A57F-5ABD9991F28F}") = "MCA_1", "MCA_1.vbproj", "{32F92B75-9F82-4FBC-8C94-B36B0DE768F1}"
EndProject
Global
	GlobalSection(SolutionConfigurationPlatforms) = preSolution
		Debug|Any CPU = Debug|Any CPU
		Release|Any CPU = Release|Any CPU
	EndGlobalSection
	GlobalSection(ProjectConfigurationPlatforms) = postSolution
		{32F92B75-9F82-4FBC-8C94-B36B0DE768F1}.Debug|Any CPU.ActiveCfg = Debug|Any CPU
		{32F92B75-9F82-4FBC-8C94-B36B0DE768F1}.Debug|Any CPU.Build.0 = Debug|Any CPU
		{32F92B75-9F82-4FBC-8C94-B36B0DE768F1}.Release|Any CPU.ActiveCfg = Release|Any CPU
		{32F92B75-9F82-4FBC-8C94-B36B0DE768F1}.Release|Any CPU.Build.0 = Release|Any CPU
	EndGlobalSection
	GlobalSection(SolutionProperties) = preSolution
		HideSolutionNode = FALSE
	EndGlobalSection
	GlobalSection(ExtensibilityGlobals) = postSolution
		SolutionGuid = {D8C31AD5-D905-4C64-A97F-561E9551CB99}
	EndGlobalSection
EndGlobal
